{
  "nodes": {
    "advisory-db": {
      "flake": false,
      "locked": {
        "lastModified": 1728933535,
        "narHash": "sha256-+EO3jis98fMzG2/JPeFcmWgDxxm4RO0q/TSxiXHoAFs=",
        "owner": "rustsec",
        "repo": "advisory-db",
        "rev": "57c4a0ce3a1a3cdbf9e7eaa16b5441345de50d13",
        "type": "github"
      },
      "original": {
        "owner": "rustsec",
        "repo": "advisory-db",
        "type": "github"
      }
    },
    "crane": {
      "locked": {
        "lastModified": 1729741221,
        "narHash": "sha256-8AHZZXs1lFkERfBY0C8cZGElSo33D/et7NKEpLRmvzo=",
        "owner": "ipetkov",
        "repo": "crane",
        "rev": "f235b656ee5b2bfd6d94c3bfd67896a575d4a6ed",
        "type": "github"
      },
      "original": {
        "owner": "ipetkov",
        "repo": "crane",
        "type": "github"
      }
    },
    "crane_2": {
      "inputs": {
        "nixpkgs": [
          "helpkgs",
          "helcache",
          "nixpkgs"
        ]
      },
      "locked": {
        "lastModified": 1704819371,
        "narHash": "sha256-oFUfPWrWGQTZaCM3byxwYwrMLwshDxVGOrMH5cVP/X8=",
        "owner": "ipetkov",
        "repo": "crane",
        "rev": "5c234301a1277e4cc759c23a2a7a00a06ddd7111",
        "type": "github"
      },
      "original": {
        "owner": "ipetkov",
        "repo": "crane",
        "type": "github"
      }
    },
    "flake-compat": {
      "flake": false,
      "locked": {
        "lastModified": 1696426674,
        "narHash": "sha256-kvjfFW7WAETZlt09AgDn1MrtKzP7t90Vf7vypd3OL1U=",
        "owner": "edolstra",
        "repo": "flake-compat",
        "rev": "0f9255e01c2351cc7d116c072cb317785dd33b33",
        "type": "github"
      },
      "original": {
        "owner": "edolstra",
        "repo": "flake-compat",
        "type": "github"
      }
    },
    "flake-utils": {
      "inputs": {
        "systems": "systems"
      },
      "locked": {
        "lastModified": 1726560853,
        "narHash": "sha256-X6rJYSESBVr3hBoH0WbKE5KvhPU5bloyZ2L4K60/fPQ=",
        "owner": "numtide",
        "repo": "flake-utils",
        "rev": "c1dfcf08411b08f6b8615f7d8971a2bfa81d5e8a",
        "type": "github"
      },
      "original": {
        "owner": "numtide",
        "repo": "flake-utils",
        "type": "github"
      }
    },
    "flake-utils_2": {
      "inputs": {
        "systems": "systems_2"
      },
      "locked": {
        "lastModified": 1726560853,
        "narHash": "sha256-X6rJYSESBVr3hBoH0WbKE5KvhPU5bloyZ2L4K60/fPQ=",
        "owner": "numtide",
        "repo": "flake-utils",
        "rev": "c1dfcf08411b08f6b8615f7d8971a2bfa81d5e8a",
        "type": "github"
      },
      "original": {
        "owner": "numtide",
        "repo": "flake-utils",
        "type": "github"
      }
    },
    "helcache": {
      "inputs": {
        "advisory-db": [
          "helpkgs",
          "advisory-db"
        ],
        "crane": "crane_2",
        "flake-utils": [
          "helpkgs",
          "flake-utils"
        ],
        "nixpkgs": [
          "helpkgs",
          "nixpkgs"
        ],
        "rust-overlay": [
          "helpkgs",
          "rust-overlay"
        ]
      },
      "locked": {
        "lastModified": 1726745605,
        "narHash": "sha256-OcwVcvIXUxQDd4T6urIiVQFvtUd44ev/6svvKyc8pXo=",
        "ref": "refs/heads/develop",
        "rev": "508c9e792f0d1f576e0ca91eac50642cac430531",
        "revCount": 34,
        "type": "git",
        "url": "https://gitlab.helsing-dev.ai/helnix/helcache.git"
      },
      "original": {
        "type": "git",
        "url": "https://gitlab.helsing-dev.ai/helnix/helcache.git"
      }
    },
    "helpkgs": {
      "inputs": {
        "advisory-db": "advisory-db",
        "flake-utils": "flake-utils_2",
        "helcache": "helcache",
        "jetpack-nixos": "jetpack-nixos",
        "nix-appimage": "nix-appimage",
        "nix2container": "nix2container",
        "nixpkgs": [
          "nixpkgs"
        ],
        "poetry2nix": "poetry2nix",
        "rust-overlay": "rust-overlay"
      },
      "locked": {
        "host": "gitlab.helsing-dev.ai",
        "lastModified": 1729695304,
        "narHash": "sha256-7847NFuIt4Gq+QIF4IELH4Cudge1DXAOijzBqPn0lag=",
        "owner": "pierre-etienne.meunier",
        "repo": "helpkgs",
        "rev": "cbd2964d0863e59eab64b7fc50f83e309c1203da",
        "type": "gitlab"
      },
      "original": {
        "host": "gitlab.helsing-dev.ai",
        "owner": "pierre-etienne.meunier",
        "ref": "develop",
        "repo": "helpkgs",
        "type": "gitlab"
      }
    },
    "jetpack-nixos": {
      "inputs": {
        "nixpkgs": [
          "helpkgs",
          "nixpkgs"
        ]
      },
      "locked": {
        "lastModified": 1727719305,
        "narHash": "sha256-bchTP7chEx8+b8R9KQJtHJeEz6gnBfAArQ4zjGSxUjU=",
        "owner": "anduril",
        "repo": "jetpack-nixos",
        "rev": "26c6ed1275923a0dcc75da0dfe2bf70ee336c955",
        "type": "github"
      },
      "original": {
        "owner": "anduril",
        "repo": "jetpack-nixos",
        "type": "github"
      }
    },
    "nix-appimage": {
      "inputs": {
        "flake-compat": "flake-compat",
        "flake-utils": [
          "helpkgs",
          "flake-utils"
        ],
        "nixpkgs": [
          "helpkgs",
          "nixpkgs"
        ]
      },
      "locked": {
        "lastModified": 1725758175,
        "narHash": "sha256-MhBOJHYhIJ30TNVrm7wX8B3x+MecMCdaBc94g4HXkPs=",
        "owner": "ralismark",
        "repo": "nix-appimage",
        "rev": "fc1192dbec82f5857f86ccc6dfdf2ad97bc9c62a",
        "type": "github"
      },
      "original": {
        "owner": "ralismark",
        "repo": "nix-appimage",
        "type": "github"
      }
    },
    "nix-github-actions": {
      "inputs": {
        "nixpkgs": [
          "helpkgs",
          "poetry2nix",
          "nixpkgs"
        ]
      },
      "locked": {
        "lastModified": 1720066371,
        "narHash": "sha256-uPlLYH2S0ACj0IcgaK9Lsf4spmJoGejR9DotXiXSBZQ=",
        "owner": "nix-community",
        "repo": "nix-github-actions",
        "rev": "622f829f5fe69310a866c8a6cd07e747c44ef820",
        "type": "github"
      },
      "original": {
        "owner": "nix-community",
        "repo": "nix-github-actions",
        "type": "github"
      }
    },
    "nix2container": {
      "inputs": {
        "flake-utils": [
          "helpkgs",
          "flake-utils"
        ],
        "nixpkgs": [
          "helpkgs",
          "nixpkgs"
        ]
      },
      "locked": {
        "lastModified": 1729339656,
        "narHash": "sha256-smV7HQ/OqZeRguQxNjsb3uQDwm0p6zKDbSDbPCav/oY=",
        "owner": "nlewo",
        "repo": "nix2container",
        "rev": "cc96df7c3747c61c584d757cfc083922b4f4b33e",
        "type": "github"
      },
      "original": {
        "owner": "nlewo",
        "repo": "nix2container",
        "type": "github"
      }
    },
    "nixpkgs": {
      "locked": {
        "lastModified": 1729449015,
        "narHash": "sha256-Gf04dXB0n4q0A9G5nTGH3zuMGr6jtJppqdeljxua1fo=",
        "owner": "NixOS",
        "repo": "nixpkgs",
        "rev": "89172919243df199fe237ba0f776c3e3e3d72367",
        "type": "github"
      },
      "original": {
        "id": "nixpkgs",
        "ref": "nixos-24.05",
        "type": "indirect"
      }
    },
    "poetry2nix": {
      "inputs": {
        "flake-utils": [
          "helpkgs",
          "flake-utils"
        ],
        "nix-github-actions": "nix-github-actions",
        "nixpkgs": [
          "helpkgs",
          "nixpkgs"
        ],
        "systems": "systems_3",
        "treefmt-nix": "treefmt-nix"
      },
      "locked": {
        "lastModified": 1729173771,
        "narHash": "sha256-rT2Vz1kFSj+NKHetVY7PJUACX+qBETdnuPSklzFKCsc=",
        "owner": "nix-community",
        "repo": "poetry2nix",
        "rev": "e67cc181b5bdf5aa46f1340fa9acd3910f6fb122",
        "type": "github"
      },
      "original": {
        "owner": "nix-community",
        "repo": "poetry2nix",
        "type": "github"
      }
    },
    "root": {
      "inputs": {
        "crane": "crane",
        "flake-utils": "flake-utils",
        "helpkgs": "helpkgs",
        "nixpkgs": "nixpkgs",
        "rust-overlay": "rust-overlay_2"
      }
    },
    "rust-overlay": {
      "inputs": {
        "nixpkgs": [
          "helpkgs",
          "nixpkgs"
        ]
      },
      "locked": {
        "lastModified": 1729477859,
        "narHash": "sha256-r0VyeJxy4O4CgTB/PNtfQft9fPfN1VuGvnZiCxDArvg=",
        "owner": "oxalica",
        "repo": "rust-overlay",
        "rev": "ada8266712449c4c0e6ee6fcbc442b3c217c79e1",
        "type": "github"
      },
      "original": {
        "owner": "oxalica",
        "repo": "rust-overlay",
        "type": "github"
      }
    },
    "rust-overlay_2": {
      "inputs": {
        "nixpkgs": [
          "nixpkgs"
        ]
      },
      "locked": {
        "lastModified": 1729650555,
        "narHash": "sha256-j8Sohst1TbQM6LqQKa/HRMfzsUwMhosuNMj2uOn9JOA=",
        "owner": "oxalica",
        "repo": "rust-overlay",
        "rev": "10c5eb61aaa32caddb9ecf0362a6eb9daeb08eab",
        "type": "github"
      },
      "original": {
        "owner": "oxalica",
        "repo": "rust-overlay",
        "type": "github"
      }
    },
    "systems": {
      "locked": {
        "lastModified": 1681028828,
        "narHash": "sha256-Vy1rq5AaRuLzOxct8nz4T6wlgyUR7zLU309k9mBC768=",
        "owner": "nix-systems",
        "repo": "default",
        "rev": "da67096a3b9bf56a91d16901293e51ba5b49a27e",
        "type": "github"
      },
      "original": {
        "owner": "nix-systems",
        "repo": "default",
        "type": "github"
      }
    },
    "systems_2": {
      "locked": {
        "lastModified": 1681028828,
        "narHash": "sha256-Vy1rq5AaRuLzOxct8nz4T6wlgyUR7zLU309k9mBC768=",
        "owner": "nix-systems",
        "repo": "default",
        "rev": "da67096a3b9bf56a91d16901293e51ba5b49a27e",
        "type": "github"
      },
      "original": {
        "owner": "nix-systems",
        "repo": "default",
        "type": "github"
      }
    },
    "systems_3": {
      "locked": {
        "lastModified": 1681028828,
        "narHash": "sha256-Vy1rq5AaRuLzOxct8nz4T6wlgyUR7zLU309k9mBC768=",
        "owner": "nix-systems",
        "repo": "default",
        "rev": "da67096a3b9bf56a91d16901293e51ba5b49a27e",
        "type": "github"
      },
      "original": {
        "id": "systems",
        "type": "indirect"
      }
    },
    "treefmt-nix": {
      "inputs": {
        "nixpkgs": [
          "helpkgs",
          "poetry2nix",
          "nixpkgs"
        ]
      },
      "locked": {
        "lastModified": 1727984844,
        "narHash": "sha256-xpRqITAoD8rHlXQafYZOLvUXCF6cnZkPfoq67ThN0Hc=",
        "owner": "numtide",
        "repo": "treefmt-nix",
        "rev": "4446c7a6fc0775df028c5a3f6727945ba8400e64",
        "type": "github"
      },
      "original": {
        "owner": "numtide",
        "repo": "treefmt-nix",
        "type": "github"
      }
    }
  },
  "root": "root",
  "version": 7
}
